
Microsoft Visual Studio Solution File, Format Version 12.00
# Visual Studio Version 17
VisualStudioVersion = 17.11.35312.102
MinimumVisualStudioVersion = 10.0.40219.1
Project("{FAE04EC0-301F-11D3-BF4B-00C04F79EFBC}") = "Greenville Revenue V0.02", "Greenville Revenue V0.02.csproj", "{45200F9D-8E94-4889-87F2-5D96A4108650}"
EndProject
Global
	GlobalSection(SolutionConfigurationPlatforms) = preSolution
		Debug|Any CPU = Debug|Any CPU
		Release|Any CPU = Release|Any CPU
	EndGlobalSection
	GlobalSection(ProjectConfigurationPlatforms) = postSolution
		{45200F9D-8E94-4889-87F2-5D96A4108650}.Debug|Any CPU.ActiveCfg = Debug|Any CPU
		{45200F9D-8E94-4889-87F2-5D96A4108650}.Debug|Any CPU.Build.0 = Debug|Any CPU
		{45200F9D-8E94-4889-87F2-5D96A4108650}.Release|Any CPU.ActiveCfg = Release|Any CPU
		{45200F9D-8E94-4889-87F2-5D96A4108650}.Release|Any CPU.Build.0 = Release|Any CPU
	EndGlobalSection
	GlobalSection(SolutionProperties) = preSolution
		HideSolutionNode = FALSE
	EndGlobalSection
	GlobalSection(ExtensibilityGlobals) = postSolution
		SolutionGuid = {D09BFD53-C270-49D9-8024-CFB072D0A268}
	EndGlobalSection
EndGlobal
